
Microsoft Visual Studio Solution File, Format Version 12.00
# Visual Studio Version 16
VisualStudioVersion = 16.0.31624.102
MinimumVisualStudioVersion = 10.0.40219.1
Project("{FAE04EC0-301F-11D3-BF4B-00C04F79EFBC}") = "Cavalier", "Cavalier\Cavalier.csproj", "{18EF54F4-6C9C-435A-AD3C-6954BD15DC3B}"
EndProject
Global
	GlobalSection(SolutionConfigurationPlatforms) = preSolution
		Debug|Any CPU = Debug|Any CPU
		Release|Any CPU = Release|Any CPU
	EndGlobalSection
	GlobalSection(ProjectConfigurationPlatforms) = postSolution
		{18EF54F4-6C9C-435A-AD3C-6954BD15DC3B}.Debug|Any CPU.ActiveCfg = Debug|Any CPU
		{18EF54F4-6C9C-435A-AD3C-6954BD15DC3B}.Debug|Any CPU.Build.0 = Debug|Any CPU
		{18EF54F4-6C9C-435A-AD3C-6954BD15DC3B}.Release|Any CPU.ActiveCfg = Release|Any CPU
		{18EF54F4-6C9C-435A-AD3C-6954BD15DC3B}.Release|Any CPU.Build.0 = Release|Any CPU
	EndGlobalSection
	GlobalSection(SolutionProperties) = preSolution
		HideSolutionNode = FALSE
	EndGlobalSection
	GlobalSection(ExtensibilityGlobals) = postSolution
		SolutionGuid = {5F24C83B-E73D-42AC-9745-BADEAD9D63FB}
	EndGlobalSection
EndGlobal
